
Microsoft Visual Studio Solution File, Format Version 12.00
# Visual Studio Version 17
VisualStudioVersion = 17.5.33516.290
MinimumVisualStudioVersion = 10.0.40219.1
Project("{FAE04EC0-301F-11D3-BF4B-00C04F79EFBC}") = "Core", "Core\Core.csproj", "{FBCE2756-2720-47C6-9A45-BEC4AF8B6913}"
EndProject
Project("{FAE04EC0-301F-11D3-BF4B-00C04F79EFBC}") = "Desktop", "Desktop\Desktop.csproj", "{D0B93388-9FD4-46CE-B481-CDCC87B22BC1}"
EndProject
Global
	GlobalSection(SolutionConfigurationPlatforms) = preSolution
		Debug|Any CPU = Debug|Any CPU
		Release|Any CPU = Release|Any CPU
	EndGlobalSection
	GlobalSection(ProjectConfigurationPlatforms) = postSolution
		{FBCE2756-2720-47C6-9A45-BEC4AF8B6913}.Debug|Any CPU.ActiveCfg = Debug|Any CPU
		{FBCE2756-2720-47C6-9A45-BEC4AF8B6913}.Debug|Any CPU.Build.0 = Debug|Any CPU
		{FBCE2756-2720-47C6-9A45-BEC4AF8B6913}.Release|Any CPU.ActiveCfg = Release|Any CPU
		{FBCE2756-2720-47C6-9A45-BEC4AF8B6913}.Release|Any CPU.Build.0 = Release|Any CPU
		{D0B93388-9FD4-46CE-B481-CDCC87B22BC1}.Debug|Any CPU.ActiveCfg = Debug|Any CPU
		{D0B93388-9FD4-46CE-B481-CDCC87B22BC1}.Debug|Any CPU.Build.0 = Debug|Any CPU
		{D0B93388-9FD4-46CE-B481-CDCC87B22BC1}.Release|Any CPU.ActiveCfg = Release|Any CPU
		{D0B93388-9FD4-46CE-B481-CDCC87B22BC1}.Release|Any CPU.Build.0 = Release|Any CPU
	EndGlobalSection
	GlobalSection(SolutionProperties) = preSolution
		HideSolutionNode = FALSE
	EndGlobalSection
	GlobalSection(ExtensibilityGlobals) = postSolution
		SolutionGuid = {1B8050A3-0614-411D-AF98-965E8843F22F}
	EndGlobalSection
EndGlobal
